
Microsoft Visual Studio Solution File, Format Version 12.00
# Visual Studio Version 17
VisualStudioVersion = 17.2.32526.322
MinimumVisualStudioVersion = 10.0.40219.1
Project("{9A19103F-16F7-4668-BE54-9A1E7A4F7556}") = "TimeTrackerApi", "TimeTrackerApi\TimeTrackerApi.csproj", "{C2269D95-1D5B-4B7B-8B20-5509085A724D}"
EndProject
Project("{00D1A9C2-B5F0-4AF3-8072-F6C62B433612}") = "TimeTrackerDb", "TimeTrackerDb\TimeTrackerDb.sqlproj", "{8EB9FD24-836C-44D2-9938-1C8DB8C7F58D}"
EndProject
Project("{2150E333-8FDC-42A3-9474-1A3956D46DE8}") = "Api", "Api", "{038E5337-91A2-465B-B06B-91525D090DC2}"
EndProject
Project("{2150E333-8FDC-42A3-9474-1A3956D46DE8}") = "Database", "Database", "{C08BAEB4-75E6-46D0-8B96-A81B800FBDCC}"
EndProject
Project("{FAE04EC0-301F-11D3-BF4B-00C04F79EFBC}") = "TimeTrackerApi.Library", "TimeTrackerApi.Library\TimeTrackerApi.Library.csproj", "{F32741B2-3E49-462B-9DD4-A44C6A0208AC}"
EndProject
Global
	GlobalSection(SolutionConfigurationPlatforms) = preSolution
		Debug|Any CPU = Debug|Any CPU
		Release|Any CPU = Release|Any CPU
	EndGlobalSection
	GlobalSection(ProjectConfigurationPlatforms) = postSolution
		{C2269D95-1D5B-4B7B-8B20-5509085A724D}.Debug|Any CPU.ActiveCfg = Debug|Any CPU
		{C2269D95-1D5B-4B7B-8B20-5509085A724D}.Debug|Any CPU.Build.0 = Debug|Any CPU
		{C2269D95-1D5B-4B7B-8B20-5509085A724D}.Release|Any CPU.ActiveCfg = Release|Any CPU
		{C2269D95-1D5B-4B7B-8B20-5509085A724D}.Release|Any CPU.Build.0 = Release|Any CPU
		{8EB9FD24-836C-44D2-9938-1C8DB8C7F58D}.Debug|Any CPU.ActiveCfg = Debug|Any CPU
		{8EB9FD24-836C-44D2-9938-1C8DB8C7F58D}.Debug|Any CPU.Build.0 = Debug|Any CPU
		{8EB9FD24-836C-44D2-9938-1C8DB8C7F58D}.Debug|Any CPU.Deploy.0 = Debug|Any CPU
		{8EB9FD24-836C-44D2-9938-1C8DB8C7F58D}.Release|Any CPU.ActiveCfg = Release|Any CPU
		{8EB9FD24-836C-44D2-9938-1C8DB8C7F58D}.Release|Any CPU.Build.0 = Release|Any CPU
		{8EB9FD24-836C-44D2-9938-1C8DB8C7F58D}.Release|Any CPU.Deploy.0 = Release|Any CPU
		{F32741B2-3E49-462B-9DD4-A44C6A0208AC}.Debug|Any CPU.ActiveCfg = Debug|Any CPU
		{F32741B2-3E49-462B-9DD4-A44C6A0208AC}.Debug|Any CPU.Build.0 = Debug|Any CPU
		{F32741B2-3E49-462B-9DD4-A44C6A0208AC}.Release|Any CPU.ActiveCfg = Release|Any CPU
		{F32741B2-3E49-462B-9DD4-A44C6A0208AC}.Release|Any CPU.Build.0 = Release|Any CPU
	EndGlobalSection
	GlobalSection(SolutionProperties) = preSolution
		HideSolutionNode = FALSE
	EndGlobalSection
	GlobalSection(NestedProjects) = preSolution
		{C2269D95-1D5B-4B7B-8B20-5509085A724D} = {038E5337-91A2-465B-B06B-91525D090DC2}
		{8EB9FD24-836C-44D2-9938-1C8DB8C7F58D} = {C08BAEB4-75E6-46D0-8B96-A81B800FBDCC}
		{F32741B2-3E49-462B-9DD4-A44C6A0208AC} = {038E5337-91A2-465B-B06B-91525D090DC2}
	EndGlobalSection
	GlobalSection(ExtensibilityGlobals) = postSolution
		SolutionGuid = {6B57408F-1CB7-4749-897C-5A5780A1C00F}
	EndGlobalSection
EndGlobal
